
Microsoft Visual Studio Solution File, Format Version 11.00
# Visual Studio 2010
Project("{2150E333-8FDC-42A3-9474-1A3956D46DE8}") = "Modules", "Modules", "{2761D09B-D7F8-41D0-8D7A-A161910D1F9D}"
EndProject
Project("{2150E333-8FDC-42A3-9474-1A3956D46DE8}") = "Framework", "Framework", "{12BE829D-FFCD-4E44-A8E0-96AA27A8947A}"
EndProject
Project("{FAE04EC0-301F-11D3-BF4B-00C04F79EFBC}") = "Core.Web", "Core.Web\Core.Web.csproj", "{E4E75054-9961-44C7-966A-4631AB65ACFB}"
EndProject
Project("{FAE04EC0-301F-11D3-BF4B-00C04F79EFBC}") = "Core.Framework.MEF", "Core.Framework.MEF\Core.Framework.MEF.csproj", "{A9E75C6E-5446-4A42-A9F3-84B0BE3859C0}"
EndProject
Project("{FAE04EC0-301F-11D3-BF4B-00C04F79EFBC}") = "Core.Framework.MEF.Contracts", "Core.Framework.MEF.Contracts\Core.Framework.MEF.Contracts.csproj", "{1FCA1EA6-B397-4F77-AE18-0277214AE3B7}"
EndProject
Project("{FAE04EC0-301F-11D3-BF4B-00C04F79EFBC}") = "Core.Web.NHibernate", "Core.Web.NHibernate\Core.Web.NHibernate.csproj", "{7C4A374D-775B-4C2D-AAF3-3E9B94011AE9}"
EndProject
Project("{FAE04EC0-301F-11D3-BF4B-00C04F79EFBC}") = "Core.Framework.Plugins", "Core.Framework.Plugins\Core.Framework.Plugins.csproj", "{7EE54877-FD43-4458-BB95-15B93164BA80}"
EndProject
Project("{FAE04EC0-301F-11D3-BF4B-00C04F79EFBC}") = "Framework.Core", "Framework.Core\Framework.Core.csproj", "{8548D8D8-F616-42B6-9271-DB8E600CF652}"
EndProject
Project("{FAE04EC0-301F-11D3-BF4B-00C04F79EFBC}") = "Framework.Facilities.NHibernate", "Framework.Facilities.NHibernate\Framework.Facilities.NHibernate.csproj", "{832BAE45-2032-40A6-B889-1FF854885536}"
EndProject
Project("{FAE04EC0-301F-11D3-BF4B-00C04F79EFBC}") = "Framework.Migrator", "Framework.Migrator\Framework.Migrator.csproj", "{06ADA971-CAD6-42DC-8E42-AD242B594784}"
EndProject
Project("{FAE04EC0-301F-11D3-BF4B-00C04F79EFBC}") = "Framework.MSBuild", "Framework.MSBuild\Framework.MSBuild.csproj", "{260CA38B-D626-443C-A5B0-61094CF8462B}"
EndProject
Project("{FAE04EC0-301F-11D3-BF4B-00C04F79EFBC}") = "Framework.Mvc", "Framework.MVC\Framework.Mvc.csproj", "{930E0E39-8A09-4373-A077-33971E9F7BEE}"
EndProject
Project("{FAE04EC0-301F-11D3-BF4B-00C04F79EFBC}") = "Core.Framework.MEF.ServiceLocation", "Core.Framework.MEF.ServiceLocation\Core.Framework.MEF.ServiceLocation.csproj", "{1A8F39D8-9D23-4518-B483-D7D2ADF3457D}"
EndProject
Project("{FAE04EC0-301F-11D3-BF4B-00C04F79EFBC}") = "Core.Framework.Permissions", "Core.Framework.Permissions\Core.Framework.Permissions.csproj", "{1E3A569C-E5B6-475D-9341-54C0933AFB9D}"
EndProject
Project("{FAE04EC0-301F-11D3-BF4B-00C04F79EFBC}") = "Core.Web.Migrations", "Core.Web.Migrations\Core.Web.Migrations.csproj", "{985C1140-7C95-4C1A-A279-0E7E7716C8C8}"
EndProject
Project("{2150E333-8FDC-42A3-9474-1A3956D46DE8}") = "Navigation", "Navigation", "{894333E2-F407-4602-BD44-5F062779176B}"
EndProject
Project("{FAE04EC0-301F-11D3-BF4B-00C04F79EFBC}") = "Core.Navigation.Migrations", "Core.Navigation.Migrations\Core.Navigation.Migrations.csproj", "{7EDB58EA-ACE9-429A-8458-BC4F32DA732D}"
EndProject
Project("{2150E333-8FDC-42A3-9474-1A3956D46DE8}") = "Tests", "Tests", "{63B3A526-0B4D-4EC7-9BFE-86F27793DFFD}"
EndProject
Project("{FAE04EC0-301F-11D3-BF4B-00C04F79EFBC}") = "Core.Web.Tests", "Core.Web.Tests\Core.Web.Tests.csproj", "{E2FD3B31-2C74-478B-A43E-F3C6CBA9321D}"
EndProject
Project("{2150E333-8FDC-42A3-9474-1A3956D46DE8}") = "Forms", "Forms", "{9AC96D32-9419-4F99-A3B1-3B33D81EE95B}"
EndProject
Project("{FAE04EC0-301F-11D3-BF4B-00C04F79EFBC}") = "Core.Forms", "Core.Forms\Core.Forms.csproj", "{4E1FD444-9B04-44F5-B2C9-DDB239DE8797}"
EndProject
Project("{FAE04EC0-301F-11D3-BF4B-00C04F79EFBC}") = "Core.Forms.NHibernate", "Core.Forms.NHibernate\Core.Forms.NHibernate.csproj", "{26F460E4-7048-44C1-8DE6-A0FCDC8B4057}"
EndProject
Project("{FAE04EC0-301F-11D3-BF4B-00C04F79EFBC}") = "Core.Forms.Migrations", "Core.Forms.Migrations\Core.Forms.Migrations.csproj", "{3770D065-4056-4DE4-981C-39FCAB72FE87}"
EndProject
Project("{2150E333-8FDC-42A3-9474-1A3956D46DE8}") = "Languages", "Languages", "{29544D65-9D43-4C83-BEEE-EC9F21CFD3B3}"
EndProject
Project("{FAE04EC0-301F-11D3-BF4B-00C04F79EFBC}") = "Core.Languages", "Core.Languages\Core.Languages.csproj", "{E2CF48ED-0792-4A25-896F-A662E581B55C}"
EndProject
Project("{FAE04EC0-301F-11D3-BF4B-00C04F79EFBC}") = "Core.Languages.Migrations", "Core.Languages.Migrations\Core.Languages.Migrations.csproj", "{AF0A6F15-8E02-430B-A7D5-2DEF923B1E15}"
EndProject
Project("{FAE04EC0-301F-11D3-BF4B-00C04F79EFBC}") = "Core.Languages.NHibernate", "Core.Languages.NHibernate\Core.Languages.NHibernate.csproj", "{70F4745D-6AE7-4A14-8514-92457D1D524C}"
EndProject
Project("{FAE04EC0-301F-11D3-BF4B-00C04F79EFBC}") = "Core.Forms.Tests", "Core.Forms.Tests\Core.Forms.Tests.csproj", "{488F7166-F728-4384-89E7-6670C4DCA80A}"
EndProject
Project("{2150E333-8FDC-42A3-9474-1A3956D46DE8}") = "WebContent", "WebContent", "{B29F20BD-1D4F-4B91-8D48-04CBE4689AE3}"
EndProject
Project("{FAE04EC0-301F-11D3-BF4B-00C04F79EFBC}") = "Core.WebContent", "Core.WebContent\Core.WebContent.csproj", "{608F7877-745E-4F52-AAA2-FD2D17562307}"
EndProject
Project("{FAE04EC0-301F-11D3-BF4B-00C04F79EFBC}") = "Core.WebContent.Migrations", "Core.WebContent.Migrations\Core.WebContent.Migrations.csproj", "{611E7731-3948-4939-9173-2C1F52CF00BA}"
EndProject
Project("{FAE04EC0-301F-11D3-BF4B-00C04F79EFBC}") = "Core.WebContent.NHibernate", "Core.WebContent.NHibernate\Core.WebContent.NHibernate.csproj", "{A8FD6C0D-F918-4976-BC3A-E80C22BAA436}"
EndProject
Project("{2150E333-8FDC-42A3-9474-1A3956D46DE8}") = "Profiles", "Profiles", "{A12E5BF8-871C-4E67-8F41-AD4D6AC0FEDA}"
EndProject
Project("{FAE04EC0-301F-11D3-BF4B-00C04F79EFBC}") = "Core.Profiles", "Core.Profiles\Core.Profiles.csproj", "{8A829DAA-2DD7-459A-B61E-7E6D24416D0B}"
EndProject
Project("{FAE04EC0-301F-11D3-BF4B-00C04F79EFBC}") = "Core.Profiles.Migrations", "Core.Profiles.Migrations\Core.Profiles.Migrations.csproj", "{20A9617D-9993-41B3-94F7-1D1A62A1DE74}"
EndProject
Project("{FAE04EC0-301F-11D3-BF4B-00C04F79EFBC}") = "Core.Profiles.NHibernate", "Core.Profiles.NHibernate\Core.Profiles.NHibernate.csproj", "{AB78CAB5-6FB2-4068-B145-CC72DA88F984}"
EndProject
Project("{FAE04EC0-301F-11D3-BF4B-00C04F79EFBC}") = "Core.Framework.NHibernate", "Core.Framework.NHibernate\Core.Framework.NHibernate.csproj", "{C7924D8F-ABD9-4E2A-8525-4E7508384DA5}"
EndProject
Global
	GlobalSection(SolutionConfigurationPlatforms) = preSolution
		Debug|Any CPU = Debug|Any CPU
		Debug|x64 = Debug|x64
		Debug|x86 = Debug|x86
		Release|Any CPU = Release|Any CPU
		Release|x64 = Release|x64
		Release|x86 = Release|x86
	EndGlobalSection
	GlobalSection(ProjectConfigurationPlatforms) = postSolution
		{E4E75054-9961-44C7-966A-4631AB65ACFB}.Debug|Any CPU.ActiveCfg = Debug|Any CPU
		{E4E75054-9961-44C7-966A-4631AB65ACFB}.Debug|Any CPU.Build.0 = Debug|Any CPU
		{E4E75054-9961-44C7-966A-4631AB65ACFB}.Debug|x64.ActiveCfg = Debug|Any CPU
		{E4E75054-9961-44C7-966A-4631AB65ACFB}.Debug|x86.ActiveCfg = Debug|Any CPU
		{E4E75054-9961-44C7-966A-4631AB65ACFB}.Release|Any CPU.ActiveCfg = Release|Any CPU
		{E4E75054-9961-44C7-966A-4631AB65ACFB}.Release|Any CPU.Build.0 = Release|Any CPU
		{E4E75054-9961-44C7-966A-4631AB65ACFB}.Release|x64.ActiveCfg = Release|Any CPU
		{E4E75054-9961-44C7-966A-4631AB65ACFB}.Release|x86.ActiveCfg = Release|Any CPU
		{A9E75C6E-5446-4A42-A9F3-84B0BE3859C0}.Debug|Any CPU.ActiveCfg = Debug|Any CPU
		{A9E75C6E-5446-4A42-A9F3-84B0BE3859C0}.Debug|Any CPU.Build.0 = Debug|Any CPU
		{A9E75C6E-5446-4A42-A9F3-84B0BE3859C0}.Debug|x64.ActiveCfg = Debug|Any CPU
		{A9E75C6E-5446-4A42-A9F3-84B0BE3859C0}.Debug|x86.ActiveCfg = Debug|Any CPU
		{A9E75C6E-5446-4A42-A9F3-84B0BE3859C0}.Release|Any CPU.ActiveCfg = Release|Any CPU
		{A9E75C6E-5446-4A42-A9F3-84B0BE3859C0}.Release|Any CPU.Build.0 = Release|Any CPU
		{A9E75C6E-5446-4A42-A9F3-84B0BE3859C0}.Release|x64.ActiveCfg = Release|Any CPU
		{A9E75C6E-5446-4A42-A9F3-84B0BE3859C0}.Release|x86.ActiveCfg = Release|Any CPU
		{1FCA1EA6-B397-4F77-AE18-0277214AE3B7}.Debug|Any CPU.ActiveCfg = Debug|Any CPU
		{1FCA1EA6-B397-4F77-AE18-0277214AE3B7}.Debug|Any CPU.Build.0 = Debug|Any CPU
		{1FCA1EA6-B397-4F77-AE18-0277214AE3B7}.Debug|x64.ActiveCfg = Debug|Any CPU
		{1FCA1EA6-B397-4F77-AE18-0277214AE3B7}.Debug|x86.ActiveCfg = Debug|Any CPU
		{1FCA1EA6-B397-4F77-AE18-0277214AE3B7}.Release|Any CPU.ActiveCfg = Release|Any CPU
		{1FCA1EA6-B397-4F77-AE18-0277214AE3B7}.Release|Any CPU.Build.0 = Release|Any CPU
		{1FCA1EA6-B397-4F77-AE18-0277214AE3B7}.Release|x64.ActiveCfg = Release|Any CPU
		{1FCA1EA6-B397-4F77-AE18-0277214AE3B7}.Release|x86.ActiveCfg = Release|Any CPU
		{7C4A374D-775B-4C2D-AAF3-3E9B94011AE9}.Debug|Any CPU.ActiveCfg = Debug|Any CPU
		{7C4A374D-775B-4C2D-AAF3-3E9B94011AE9}.Debug|Any CPU.Build.0 = Debug|Any CPU
		{7C4A374D-775B-4C2D-AAF3-3E9B94011AE9}.Debug|x64.ActiveCfg = Debug|Any CPU
		{7C4A374D-775B-4C2D-AAF3-3E9B94011AE9}.Debug|x86.ActiveCfg = Debug|Any CPU
		{7C4A374D-775B-4C2D-AAF3-3E9B94011AE9}.Release|Any CPU.ActiveCfg = Release|Any CPU
		{7C4A374D-775B-4C2D-AAF3-3E9B94011AE9}.Release|Any CPU.Build.0 = Release|Any CPU
		{7C4A374D-775B-4C2D-AAF3-3E9B94011AE9}.Release|x64.ActiveCfg = Release|Any CPU
		{7C4A374D-775B-4C2D-AAF3-3E9B94011AE9}.Release|x86.ActiveCfg = Release|Any CPU
		{7EE54877-FD43-4458-BB95-15B93164BA80}.Debug|Any CPU.ActiveCfg = Debug|Any CPU
		{7EE54877-FD43-4458-BB95-15B93164BA80}.Debug|Any CPU.Build.0 = Debug|Any CPU
		{7EE54877-FD43-4458-BB95-15B93164BA80}.Debug|x64.ActiveCfg = Debug|Any CPU
		{7EE54877-FD43-4458-BB95-15B93164BA80}.Debug|x86.ActiveCfg = Debug|Any CPU
		{7EE54877-FD43-4458-BB95-15B93164BA80}.Release|Any CPU.ActiveCfg = Release|Any CPU
		{7EE54877-FD43-4458-BB95-15B93164BA80}.Release|Any CPU.Build.0 = Release|Any CPU
		{7EE54877-FD43-4458-BB95-15B93164BA80}.Release|x64.ActiveCfg = Release|Any CPU
		{7EE54877-FD43-4458-BB95-15B93164BA80}.Release|x86.ActiveCfg = Release|Any CPU
		{8548D8D8-F616-42B6-9271-DB8E600CF652}.Debug|Any CPU.ActiveCfg = Debug|Any CPU
		{8548D8D8-F616-42B6-9271-DB8E600CF652}.Debug|Any CPU.Build.0 = Debug|Any CPU
		{8548D8D8-F616-42B6-9271-DB8E600CF652}.Debug|x64.ActiveCfg = Debug|x64
		{8548D8D8-F616-42B6-9271-DB8E600CF652}.Debug|x64.Build.0 = Debug|x64
		{8548D8D8-F616-42B6-9271-DB8E600CF652}.Debug|x86.ActiveCfg = Debug|x86
		{8548D8D8-F616-42B6-9271-DB8E600CF652}.Debug|x86.Build.0 = Debug|x86
		{8548D8D8-F616-42B6-9271-DB8E600CF652}.Release|Any CPU.ActiveCfg = Release|Any CPU
		{8548D8D8-F616-42B6-9271-DB8E600CF652}.Release|Any CPU.Build.0 = Release|Any CPU
		{8548D8D8-F616-42B6-9271-DB8E600CF652}.Release|x64.ActiveCfg = Release|x64
		{8548D8D8-F616-42B6-9271-DB8E600CF652}.Release|x64.Build.0 = Release|x64
		{8548D8D8-F616-42B6-9271-DB8E600CF652}.Release|x86.ActiveCfg = Release|x86
		{8548D8D8-F616-42B6-9271-DB8E600CF652}.Release|x86.Build.0 = Release|x86
		{832BAE45-2032-40A6-B889-1FF854885536}.Debug|Any CPU.ActiveCfg = Debug|Any CPU
		{832BAE45-2032-40A6-B889-1FF854885536}.Debug|Any CPU.Build.0 = Debug|Any CPU
		{832BAE45-2032-40A6-B889-1FF854885536}.Debug|x64.ActiveCfg = Debug|x64
		{832BAE45-2032-40A6-B889-1FF854885536}.Debug|x64.Build.0 = Debug|x64
		{832BAE45-2032-40A6-B889-1FF854885536}.Debug|x86.ActiveCfg = Debug|x86
		{832BAE45-2032-40A6-B889-1FF854885536}.Debug|x86.Build.0 = Debug|x86
		{832BAE45-2032-40A6-B889-1FF854885536}.Release|Any CPU.ActiveCfg = Release|Any CPU
		{832BAE45-2032-40A6-B889-1FF854885536}.Release|Any CPU.Build.0 = Release|Any CPU
		{832BAE45-2032-40A6-B889-1FF854885536}.Release|x64.ActiveCfg = Release|x64
		{832BAE45-2032-40A6-B889-1FF854885536}.Release|x64.Build.0 = Release|x64
		{832BAE45-2032-40A6-B889-1FF854885536}.Release|x86.ActiveCfg = Release|x86
		{832BAE45-2032-40A6-B889-1FF854885536}.Release|x86.Build.0 = Release|x86
		{06ADA971-CAD6-42DC-8E42-AD242B594784}.Debug|Any CPU.ActiveCfg = Debug|Any CPU
		{06ADA971-CAD6-42DC-8E42-AD242B594784}.Debug|Any CPU.Build.0 = Debug|Any CPU
		{06ADA971-CAD6-42DC-8E42-AD242B594784}.Debug|x64.ActiveCfg = Debug|x64
		{06ADA971-CAD6-42DC-8E42-AD242B594784}.Debug|x64.Build.0 = Debug|x64
		{06ADA971-CAD6-42DC-8E42-AD242B594784}.Debug|x86.ActiveCfg = Debug|x86
		{06ADA971-CAD6-42DC-8E42-AD242B594784}.Debug|x86.Build.0 = Debug|x86
		{06ADA971-CAD6-42DC-8E42-AD242B594784}.Release|Any CPU.ActiveCfg = Release|Any CPU
		{06ADA971-CAD6-42DC-8E42-AD242B594784}.Release|Any CPU.Build.0 = Release|Any CPU
		{06ADA971-CAD6-42DC-8E42-AD242B594784}.Release|x64.ActiveCfg = Release|x64
		{06ADA971-CAD6-42DC-8E42-AD242B594784}.Release|x64.Build.0 = Release|x64
		{06ADA971-CAD6-42DC-8E42-AD242B594784}.Release|x86.ActiveCfg = Release|x86
		{06ADA971-CAD6-42DC-8E42-AD242B594784}.Release|x86.Build.0 = Release|x86
		{260CA38B-D626-443C-A5B0-61094CF8462B}.Debug|Any CPU.ActiveCfg = Debug|Any CPU
		{260CA38B-D626-443C-A5B0-61094CF8462B}.Debug|Any CPU.Build.0 = Debug|Any CPU
		{260CA38B-D626-443C-A5B0-61094CF8462B}.Debug|x64.ActiveCfg = Debug|x64
		{260CA38B-D626-443C-A5B0-61094CF8462B}.Debug|x64.Build.0 = Debug|x64
		{260CA38B-D626-443C-A5B0-61094CF8462B}.Debug|x86.ActiveCfg = Debug|x86
		{260CA38B-D626-443C-A5B0-61094CF8462B}.Debug|x86.Build.0 = Debug|x86
		{260CA38B-D626-443C-A5B0-61094CF8462B}.Release|Any CPU.ActiveCfg = Release|Any CPU
		{260CA38B-D626-443C-A5B0-61094CF8462B}.Release|Any CPU.Build.0 = Release|Any CPU
		{260CA38B-D626-443C-A5B0-61094CF8462B}.Release|x64.ActiveCfg = Release|x64
		{260CA38B-D626-443C-A5B0-61094CF8462B}.Release|x64.Build.0 = Release|x64
		{260CA38B-D626-443C-A5B0-61094CF8462B}.Release|x86.ActiveCfg = Release|x86
		{260CA38B-D626-443C-A5B0-61094CF8462B}.Release|x86.Build.0 = Release|x86
		{930E0E39-8A09-4373-A077-33971E9F7BEE}.Debug|Any CPU.ActiveCfg = Debug|Any CPU
		{930E0E39-8A09-4373-A077-33971E9F7BEE}.Debug|Any CPU.Build.0 = Debug|Any CPU
		{930E0E39-8A09-4373-A077-33971E9F7BEE}.Debug|x64.ActiveCfg = Debug|x64
		{930E0E39-8A09-4373-A077-33971E9F7BEE}.Debug|x64.Build.0 = Debug|x64
		{930E0E39-8A09-4373-A077-33971E9F7BEE}.Debug|x86.ActiveCfg = Debug|x86
		{930E0E39-8A09-4373-A077-33971E9F7BEE}.Debug|x86.Build.0 = Debug|x86
		{930E0E39-8A09-4373-A077-33971E9F7BEE}.Release|Any CPU.ActiveCfg = Release|Any CPU
		{930E0E39-8A09-4373-A077-33971E9F7BEE}.Release|Any CPU.Build.0 = Release|Any CPU
		{930E0E39-8A09-4373-A077-33971E9F7BEE}.Release|x64.ActiveCfg = Release|x64
		{930E0E39-8A09-4373-A077-33971E9F7BEE}.Release|x64.Build.0 = Release|x64
		{930E0E39-8A09-4373-A077-33971E9F7BEE}.Release|x86.ActiveCfg = Release|x86
		{930E0E39-8A09-4373-A077-33971E9F7BEE}.Release|x86.Build.0 = Release|x86
		{1A8F39D8-9D23-4518-B483-D7D2ADF3457D}.Debug|Any CPU.ActiveCfg = Debug|Any CPU
		{1A8F39D8-9D23-4518-B483-D7D2ADF3457D}.Debug|Any CPU.Build.0 = Debug|Any CPU
		{1A8F39D8-9D23-4518-B483-D7D2ADF3457D}.Debug|x64.ActiveCfg = Debug|Any CPU
		{1A8F39D8-9D23-4518-B483-D7D2ADF3457D}.Debug|x86.ActiveCfg = Debug|Any CPU
		{1A8F39D8-9D23-4518-B483-D7D2ADF3457D}.Release|Any CPU.ActiveCfg = Release|Any CPU
		{1A8F39D8-9D23-4518-B483-D7D2ADF3457D}.Release|Any CPU.Build.0 = Release|Any CPU
		{1A8F39D8-9D23-4518-B483-D7D2ADF3457D}.Release|x64.ActiveCfg = Release|Any CPU
		{1A8F39D8-9D23-4518-B483-D7D2ADF3457D}.Release|x86.ActiveCfg = Release|Any CPU
		{1E3A569C-E5B6-475D-9341-54C0933AFB9D}.Debug|Any CPU.ActiveCfg = Debug|Any CPU
		{1E3A569C-E5B6-475D-9341-54C0933AFB9D}.Debug|Any CPU.Build.0 = Debug|Any CPU
		{1E3A569C-E5B6-475D-9341-54C0933AFB9D}.Debug|x64.ActiveCfg = Debug|Any CPU
		{1E3A569C-E5B6-475D-9341-54C0933AFB9D}.Debug|x86.ActiveCfg = Debug|Any CPU
		{1E3A569C-E5B6-475D-9341-54C0933AFB9D}.Release|Any CPU.ActiveCfg = Release|Any CPU
		{1E3A569C-E5B6-475D-9341-54C0933AFB9D}.Release|Any CPU.Build.0 = Release|Any CPU
		{1E3A569C-E5B6-475D-9341-54C0933AFB9D}.Release|x64.ActiveCfg = Release|Any CPU
		{1E3A569C-E5B6-475D-9341-54C0933AFB9D}.Release|x86.ActiveCfg = Release|Any CPU
		{985C1140-7C95-4C1A-A279-0E7E7716C8C8}.Debug|Any CPU.ActiveCfg = Debug|Any CPU
		{985C1140-7C95-4C1A-A279-0E7E7716C8C8}.Debug|Any CPU.Build.0 = Debug|Any CPU
		{985C1140-7C95-4C1A-A279-0E7E7716C8C8}.Debug|x64.ActiveCfg = Debug|Any CPU
		{985C1140-7C95-4C1A-A279-0E7E7716C8C8}.Debug|x86.ActiveCfg = Debug|Any CPU
		{985C1140-7C95-4C1A-A279-0E7E7716C8C8}.Release|Any CPU.ActiveCfg = Release|Any CPU
		{985C1140-7C95-4C1A-A279-0E7E7716C8C8}.Release|Any CPU.Build.0 = Release|Any CPU
		{985C1140-7C95-4C1A-A279-0E7E7716C8C8}.Release|x64.ActiveCfg = Release|Any CPU
		{985C1140-7C95-4C1A-A279-0E7E7716C8C8}.Release|x86.ActiveCfg = Release|Any CPU
		{7EDB58EA-ACE9-429A-8458-BC4F32DA732D}.Debug|Any CPU.ActiveCfg = Debug|Any CPU
		{7EDB58EA-ACE9-429A-8458-BC4F32DA732D}.Debug|Any CPU.Build.0 = Debug|Any CPU
		{7EDB58EA-ACE9-429A-8458-BC4F32DA732D}.Debug|x64.ActiveCfg = Debug|Any CPU
		{7EDB58EA-ACE9-429A-8458-BC4F32DA732D}.Debug|x86.ActiveCfg = Debug|Any CPU
		{7EDB58EA-ACE9-429A-8458-BC4F32DA732D}.Release|Any CPU.ActiveCfg = Release|Any CPU
		{7EDB58EA-ACE9-429A-8458-BC4F32DA732D}.Release|Any CPU.Build.0 = Release|Any CPU
		{7EDB58EA-ACE9-429A-8458-BC4F32DA732D}.Release|x64.ActiveCfg = Release|Any CPU
		{7EDB58EA-ACE9-429A-8458-BC4F32DA732D}.Release|x86.ActiveCfg = Release|Any CPU
		{E2FD3B31-2C74-478B-A43E-F3C6CBA9321D}.Debug|Any CPU.ActiveCfg = Debug|Any CPU
		{E2FD3B31-2C74-478B-A43E-F3C6CBA9321D}.Debug|Any CPU.Build.0 = Debug|Any CPU
		{E2FD3B31-2C74-478B-A43E-F3C6CBA9321D}.Debug|x64.ActiveCfg = Debug|Any CPU
		{E2FD3B31-2C74-478B-A43E-F3C6CBA9321D}.Debug|x86.ActiveCfg = Debug|Any CPU
		{E2FD3B31-2C74-478B-A43E-F3C6CBA9321D}.Release|Any CPU.ActiveCfg = Release|Any CPU
		{E2FD3B31-2C74-478B-A43E-F3C6CBA9321D}.Release|Any CPU.Build.0 = Release|Any CPU
		{E2FD3B31-2C74-478B-A43E-F3C6CBA9321D}.Release|x64.ActiveCfg = Release|Any CPU
		{E2FD3B31-2C74-478B-A43E-F3C6CBA9321D}.Release|x86.ActiveCfg = Release|Any CPU
		{4E1FD444-9B04-44F5-B2C9-DDB239DE8797}.Debug|Any CPU.ActiveCfg = Debug|Any CPU
		{4E1FD444-9B04-44F5-B2C9-DDB239DE8797}.Debug|Any CPU.Build.0 = Debug|Any CPU
		{4E1FD444-9B04-44F5-B2C9-DDB239DE8797}.Debug|x64.ActiveCfg = Debug|Any CPU
		{4E1FD444-9B04-44F5-B2C9-DDB239DE8797}.Debug|x86.ActiveCfg = Debug|Any CPU
		{4E1FD444-9B04-44F5-B2C9-DDB239DE8797}.Release|Any CPU.ActiveCfg = Release|Any CPU
		{4E1FD444-9B04-44F5-B2C9-DDB239DE8797}.Release|Any CPU.Build.0 = Release|Any CPU
		{4E1FD444-9B04-44F5-B2C9-DDB239DE8797}.Release|x64.ActiveCfg = Release|Any CPU
		{4E1FD444-9B04-44F5-B2C9-DDB239DE8797}.Release|x86.ActiveCfg = Release|Any CPU
		{26F460E4-7048-44C1-8DE6-A0FCDC8B4057}.Debug|Any CPU.ActiveCfg = Debug|Any CPU
		{26F460E4-7048-44C1-8DE6-A0FCDC8B4057}.Debug|Any CPU.Build.0 = Debug|Any CPU
		{26F460E4-7048-44C1-8DE6-A0FCDC8B4057}.Debug|x64.ActiveCfg = Debug|Any CPU
		{26F460E4-7048-44C1-8DE6-A0FCDC8B4057}.Debug|x86.ActiveCfg = Debug|Any CPU
		{26F460E4-7048-44C1-8DE6-A0FCDC8B4057}.Release|Any CPU.ActiveCfg = Release|Any CPU
		{26F460E4-7048-44C1-8DE6-A0FCDC8B4057}.Release|Any CPU.Build.0 = Release|Any CPU
		{26F460E4-7048-44C1-8DE6-A0FCDC8B4057}.Release|x64.ActiveCfg = Release|Any CPU
		{26F460E4-7048-44C1-8DE6-A0FCDC8B4057}.Release|x86.ActiveCfg = Release|Any CPU
		{3770D065-4056-4DE4-981C-39FCAB72FE87}.Debug|Any CPU.ActiveCfg = Debug|Any CPU
		{3770D065-4056-4DE4-981C-39FCAB72FE87}.Debug|Any CPU.Build.0 = Debug|Any CPU
		{3770D065-4056-4DE4-981C-39FCAB72FE87}.Debug|x64.ActiveCfg = Debug|Any CPU
		{3770D065-4056-4DE4-981C-39FCAB72FE87}.Debug|x86.ActiveCfg = Debug|Any CPU
		{3770D065-4056-4DE4-981C-39FCAB72FE87}.Release|Any CPU.ActiveCfg = Release|Any CPU
		{3770D065-4056-4DE4-981C-39FCAB72FE87}.Release|Any CPU.Build.0 = Release|Any CPU
		{3770D065-4056-4DE4-981C-39FCAB72FE87}.Release|x64.ActiveCfg = Release|Any CPU
		{3770D065-4056-4DE4-981C-39FCAB72FE87}.Release|x86.ActiveCfg = Release|Any CPU
		{E2CF48ED-0792-4A25-896F-A662E581B55C}.Debug|Any CPU.ActiveCfg = Debug|Any CPU
		{E2CF48ED-0792-4A25-896F-A662E581B55C}.Debug|Any CPU.Build.0 = Debug|Any CPU
		{E2CF48ED-0792-4A25-896F-A662E581B55C}.Debug|x64.ActiveCfg = Debug|Any CPU
		{E2CF48ED-0792-4A25-896F-A662E581B55C}.Debug|x86.ActiveCfg = Debug|Any CPU
		{E2CF48ED-0792-4A25-896F-A662E581B55C}.Release|Any CPU.ActiveCfg = Release|Any CPU
		{E2CF48ED-0792-4A25-896F-A662E581B55C}.Release|Any CPU.Build.0 = Release|Any CPU
		{E2CF48ED-0792-4A25-896F-A662E581B55C}.Release|x64.ActiveCfg = Release|Any CPU
		{E2CF48ED-0792-4A25-896F-A662E581B55C}.Release|x86.ActiveCfg = Release|Any CPU
		{AF0A6F15-8E02-430B-A7D5-2DEF923B1E15}.Debug|Any CPU.ActiveCfg = Debug|Any CPU
		{AF0A6F15-8E02-430B-A7D5-2DEF923B1E15}.Debug|Any CPU.Build.0 = Debug|Any CPU
		{AF0A6F15-8E02-430B-A7D5-2DEF923B1E15}.Debug|x64.ActiveCfg = Debug|Any CPU
		{AF0A6F15-8E02-430B-A7D5-2DEF923B1E15}.Debug|x86.ActiveCfg = Debug|Any CPU
		{AF0A6F15-8E02-430B-A7D5-2DEF923B1E15}.Release|Any CPU.ActiveCfg = Release|Any CPU
		{AF0A6F15-8E02-430B-A7D5-2DEF923B1E15}.Release|Any CPU.Build.0 = Release|Any CPU
		{AF0A6F15-8E02-430B-A7D5-2DEF923B1E15}.Release|x64.ActiveCfg = Release|Any CPU
		{AF0A6F15-8E02-430B-A7D5-2DEF923B1E15}.Release|x86.ActiveCfg = Release|Any CPU
		{70F4745D-6AE7-4A14-8514-92457D1D524C}.Debug|Any CPU.ActiveCfg = Debug|Any CPU
		{70F4745D-6AE7-4A14-8514-92457D1D524C}.Debug|Any CPU.Build.0 = Debug|Any CPU
		{70F4745D-6AE7-4A14-8514-92457D1D524C}.Debug|x64.ActiveCfg = Debug|Any CPU
		{70F4745D-6AE7-4A14-8514-92457D1D524C}.Debug|x86.ActiveCfg = Debug|Any CPU
		{70F4745D-6AE7-4A14-8514-92457D1D524C}.Release|Any CPU.ActiveCfg = Release|Any CPU
		{70F4745D-6AE7-4A14-8514-92457D1D524C}.Release|Any CPU.Build.0 = Release|Any CPU
		{70F4745D-6AE7-4A14-8514-92457D1D524C}.Release|x64.ActiveCfg = Release|Any CPU
		{70F4745D-6AE7-4A14-8514-92457D1D524C}.Release|x86.ActiveCfg = Release|Any CPU
		{488F7166-F728-4384-89E7-6670C4DCA80A}.Debug|Any CPU.ActiveCfg = Debug|Any CPU
		{488F7166-F728-4384-89E7-6670C4DCA80A}.Debug|Any CPU.Build.0 = Debug|Any CPU
		{488F7166-F728-4384-89E7-6670C4DCA80A}.Debug|x64.ActiveCfg = Debug|Any CPU
		{488F7166-F728-4384-89E7-6670C4DCA80A}.Debug|x86.ActiveCfg = Debug|Any CPU
		{488F7166-F728-4384-89E7-6670C4DCA80A}.Release|Any CPU.ActiveCfg = Release|Any CPU
		{488F7166-F728-4384-89E7-6670C4DCA80A}.Release|Any CPU.Build.0 = Release|Any CPU
		{488F7166-F728-4384-89E7-6670C4DCA80A}.Release|x64.ActiveCfg = Release|Any CPU
		{488F7166-F728-4384-89E7-6670C4DCA80A}.Release|x86.ActiveCfg = Release|Any CPU
		{608F7877-745E-4F52-AAA2-FD2D17562307}.Debug|Any CPU.ActiveCfg = Debug|Any CPU
		{608F7877-745E-4F52-AAA2-FD2D17562307}.Debug|Any CPU.Build.0 = Debug|Any CPU
		{608F7877-745E-4F52-AAA2-FD2D17562307}.Debug|x64.ActiveCfg = Debug|Any CPU
		{608F7877-745E-4F52-AAA2-FD2D17562307}.Debug|x86.ActiveCfg = Debug|Any CPU
		{608F7877-745E-4F52-AAA2-FD2D17562307}.Release|Any CPU.ActiveCfg = Release|Any CPU
		{608F7877-745E-4F52-AAA2-FD2D17562307}.Release|Any CPU.Build.0 = Release|Any CPU
		{608F7877-745E-4F52-AAA2-FD2D17562307}.Release|x64.ActiveCfg = Release|Any CPU
		{608F7877-745E-4F52-AAA2-FD2D17562307}.Release|x86.ActiveCfg = Release|Any CPU
		{611E7731-3948-4939-9173-2C1F52CF00BA}.Debug|Any CPU.ActiveCfg = Debug|Any CPU
		{611E7731-3948-4939-9173-2C1F52CF00BA}.Debug|Any CPU.Build.0 = Debug|Any CPU
		{611E7731-3948-4939-9173-2C1F52CF00BA}.Debug|x64.ActiveCfg = Debug|Any CPU
		{611E7731-3948-4939-9173-2C1F52CF00BA}.Debug|x86.ActiveCfg = Debug|Any CPU
		{611E7731-3948-4939-9173-2C1F52CF00BA}.Release|Any CPU.ActiveCfg = Release|Any CPU
		{611E7731-3948-4939-9173-2C1F52CF00BA}.Release|Any CPU.Build.0 = Release|Any CPU
		{611E7731-3948-4939-9173-2C1F52CF00BA}.Release|x64.ActiveCfg = Release|Any CPU
		{611E7731-3948-4939-9173-2C1F52CF00BA}.Release|x86.ActiveCfg = Release|Any CPU
		{A8FD6C0D-F918-4976-BC3A-E80C22BAA436}.Debug|Any CPU.ActiveCfg = Debug|Any CPU
		{A8FD6C0D-F918-4976-BC3A-E80C22BAA436}.Debug|Any CPU.Build.0 = Debug|Any CPU
		{A8FD6C0D-F918-4976-BC3A-E80C22BAA436}.Debug|x64.ActiveCfg = Debug|Any CPU
		{A8FD6C0D-F918-4976-BC3A-E80C22BAA436}.Debug|x86.ActiveCfg = Debug|Any CPU
		{A8FD6C0D-F918-4976-BC3A-E80C22BAA436}.Release|Any CPU.ActiveCfg = Release|Any CPU
		{A8FD6C0D-F918-4976-BC3A-E80C22BAA436}.Release|Any CPU.Build.0 = Release|Any CPU
		{A8FD6C0D-F918-4976-BC3A-E80C22BAA436}.Release|x64.ActiveCfg = Release|Any CPU
		{A8FD6C0D-F918-4976-BC3A-E80C22BAA436}.Release|x86.ActiveCfg = Release|Any CPU
		{8A829DAA-2DD7-459A-B61E-7E6D24416D0B}.Debug|Any CPU.ActiveCfg = Debug|Any CPU
		{8A829DAA-2DD7-459A-B61E-7E6D24416D0B}.Debug|Any CPU.Build.0 = Debug|Any CPU
		{8A829DAA-2DD7-459A-B61E-7E6D24416D0B}.Debug|x64.ActiveCfg = Debug|Any CPU
		{8A829DAA-2DD7-459A-B61E-7E6D24416D0B}.Debug|x86.ActiveCfg = Debug|Any CPU
		{8A829DAA-2DD7-459A-B61E-7E6D24416D0B}.Release|Any CPU.ActiveCfg = Release|Any CPU
		{8A829DAA-2DD7-459A-B61E-7E6D24416D0B}.Release|Any CPU.Build.0 = Release|Any CPU
		{8A829DAA-2DD7-459A-B61E-7E6D24416D0B}.Release|x64.ActiveCfg = Release|Any CPU
		{8A829DAA-2DD7-459A-B61E-7E6D24416D0B}.Release|x86.ActiveCfg = Release|Any CPU
		{20A9617D-9993-41B3-94F7-1D1A62A1DE74}.Debug|Any CPU.ActiveCfg = Debug|Any CPU
		{20A9617D-9993-41B3-94F7-1D1A62A1DE74}.Debug|Any CPU.Build.0 = Debug|Any CPU
		{20A9617D-9993-41B3-94F7-1D1A62A1DE74}.Debug|x64.ActiveCfg = Debug|Any CPU
		{20A9617D-9993-41B3-94F7-1D1A62A1DE74}.Debug|x86.ActiveCfg = Debug|Any CPU
		{20A9617D-9993-41B3-94F7-1D1A62A1DE74}.Release|Any CPU.ActiveCfg = Release|Any CPU
		{20A9617D-9993-41B3-94F7-1D1A62A1DE74}.Release|Any CPU.Build.0 = Release|Any CPU
		{20A9617D-9993-41B3-94F7-1D1A62A1DE74}.Release|x64.ActiveCfg = Release|Any CPU
		{20A9617D-9993-41B3-94F7-1D1A62A1DE74}.Release|x86.ActiveCfg = Release|Any CPU
		{AB78CAB5-6FB2-4068-B145-CC72DA88F984}.Debug|Any CPU.ActiveCfg = Debug|Any CPU
		{AB78CAB5-6FB2-4068-B145-CC72DA88F984}.Debug|Any CPU.Build.0 = Debug|Any CPU
		{AB78CAB5-6FB2-4068-B145-CC72DA88F984}.Debug|x64.ActiveCfg = Debug|Any CPU
		{AB78CAB5-6FB2-4068-B145-CC72DA88F984}.Debug|x86.ActiveCfg = Debug|Any CPU
		{AB78CAB5-6FB2-4068-B145-CC72DA88F984}.Release|Any CPU.ActiveCfg = Release|Any CPU
		{AB78CAB5-6FB2-4068-B145-CC72DA88F984}.Release|Any CPU.Build.0 = Release|Any CPU
		{AB78CAB5-6FB2-4068-B145-CC72DA88F984}.Release|x64.ActiveCfg = Release|Any CPU
		{AB78CAB5-6FB2-4068-B145-CC72DA88F984}.Release|x86.ActiveCfg = Release|Any CPU
		{C7924D8F-ABD9-4E2A-8525-4E7508384DA5}.Debug|Any CPU.ActiveCfg = Debug|Any CPU
		{C7924D8F-ABD9-4E2A-8525-4E7508384DA5}.Debug|Any CPU.Build.0 = Debug|Any CPU
		{C7924D8F-ABD9-4E2A-8525-4E7508384DA5}.Debug|x64.ActiveCfg = Debug|Any CPU
		{C7924D8F-ABD9-4E2A-8525-4E7508384DA5}.Debug|x86.ActiveCfg = Debug|Any CPU
		{C7924D8F-ABD9-4E2A-8525-4E7508384DA5}.Release|Any CPU.ActiveCfg = Release|Any CPU
		{C7924D8F-ABD9-4E2A-8525-4E7508384DA5}.Release|Any CPU.Build.0 = Release|Any CPU
		{C7924D8F-ABD9-4E2A-8525-4E7508384DA5}.Release|x64.ActiveCfg = Release|Any CPU
		{C7924D8F-ABD9-4E2A-8525-4E7508384DA5}.Release|x86.ActiveCfg = Release|Any CPU
	EndGlobalSection
	GlobalSection(SolutionProperties) = preSolution
		HideSolutionNode = FALSE
	EndGlobalSection
	GlobalSection(NestedProjects) = preSolution
		{894333E2-F407-4602-BD44-5F062779176B} = {2761D09B-D7F8-41D0-8D7A-A161910D1F9D}
		{9AC96D32-9419-4F99-A3B1-3B33D81EE95B} = {2761D09B-D7F8-41D0-8D7A-A161910D1F9D}
		{29544D65-9D43-4C83-BEEE-EC9F21CFD3B3} = {2761D09B-D7F8-41D0-8D7A-A161910D1F9D}
		{B29F20BD-1D4F-4B91-8D48-04CBE4689AE3} = {2761D09B-D7F8-41D0-8D7A-A161910D1F9D}
		{A12E5BF8-871C-4E67-8F41-AD4D6AC0FEDA} = {2761D09B-D7F8-41D0-8D7A-A161910D1F9D}
		{A9E75C6E-5446-4A42-A9F3-84B0BE3859C0} = {12BE829D-FFCD-4E44-A8E0-96AA27A8947A}
		{1FCA1EA6-B397-4F77-AE18-0277214AE3B7} = {12BE829D-FFCD-4E44-A8E0-96AA27A8947A}
		{7EE54877-FD43-4458-BB95-15B93164BA80} = {12BE829D-FFCD-4E44-A8E0-96AA27A8947A}
		{8548D8D8-F616-42B6-9271-DB8E600CF652} = {12BE829D-FFCD-4E44-A8E0-96AA27A8947A}
		{832BAE45-2032-40A6-B889-1FF854885536} = {12BE829D-FFCD-4E44-A8E0-96AA27A8947A}
		{06ADA971-CAD6-42DC-8E42-AD242B594784} = {12BE829D-FFCD-4E44-A8E0-96AA27A8947A}
		{260CA38B-D626-443C-A5B0-61094CF8462B} = {12BE829D-FFCD-4E44-A8E0-96AA27A8947A}
		{930E0E39-8A09-4373-A077-33971E9F7BEE} = {12BE829D-FFCD-4E44-A8E0-96AA27A8947A}
		{1A8F39D8-9D23-4518-B483-D7D2ADF3457D} = {12BE829D-FFCD-4E44-A8E0-96AA27A8947A}
		{1E3A569C-E5B6-475D-9341-54C0933AFB9D} = {12BE829D-FFCD-4E44-A8E0-96AA27A8947A}
		{C7924D8F-ABD9-4E2A-8525-4E7508384DA5} = {12BE829D-FFCD-4E44-A8E0-96AA27A8947A}
		{7EDB58EA-ACE9-429A-8458-BC4F32DA732D} = {894333E2-F407-4602-BD44-5F062779176B}
		{E2FD3B31-2C74-478B-A43E-F3C6CBA9321D} = {63B3A526-0B4D-4EC7-9BFE-86F27793DFFD}
		{4E1FD444-9B04-44F5-B2C9-DDB239DE8797} = {9AC96D32-9419-4F99-A3B1-3B33D81EE95B}
		{26F460E4-7048-44C1-8DE6-A0FCDC8B4057} = {9AC96D32-9419-4F99-A3B1-3B33D81EE95B}
		{3770D065-4056-4DE4-981C-39FCAB72FE87} = {9AC96D32-9419-4F99-A3B1-3B33D81EE95B}
		{488F7166-F728-4384-89E7-6670C4DCA80A} = {9AC96D32-9419-4F99-A3B1-3B33D81EE95B}
		{E2CF48ED-0792-4A25-896F-A662E581B55C} = {29544D65-9D43-4C83-BEEE-EC9F21CFD3B3}
		{AF0A6F15-8E02-430B-A7D5-2DEF923B1E15} = {29544D65-9D43-4C83-BEEE-EC9F21CFD3B3}
		{70F4745D-6AE7-4A14-8514-92457D1D524C} = {29544D65-9D43-4C83-BEEE-EC9F21CFD3B3}
		{608F7877-745E-4F52-AAA2-FD2D17562307} = {B29F20BD-1D4F-4B91-8D48-04CBE4689AE3}
		{611E7731-3948-4939-9173-2C1F52CF00BA} = {B29F20BD-1D4F-4B91-8D48-04CBE4689AE3}
		{A8FD6C0D-F918-4976-BC3A-E80C22BAA436} = {B29F20BD-1D4F-4B91-8D48-04CBE4689AE3}
		{8A829DAA-2DD7-459A-B61E-7E6D24416D0B} = {A12E5BF8-871C-4E67-8F41-AD4D6AC0FEDA}
		{20A9617D-9993-41B3-94F7-1D1A62A1DE74} = {A12E5BF8-871C-4E67-8F41-AD4D6AC0FEDA}
		{AB78CAB5-6FB2-4068-B145-CC72DA88F984} = {A12E5BF8-871C-4E67-8F41-AD4D6AC0FEDA}
	EndGlobalSection
EndGlobal
