
Microsoft Visual Studio Solution File, Format Version 11.00
# Visual Studio 2010
Project("{FAE04EC0-301F-11D3-BF4B-00C04F79EFBC}") = "Products", "Products\Products.csproj", "{CD12BA1B-BA28-4A71-AFC2-03A5E4B0A02E}"
EndProject
Project("{FAE04EC0-301F-11D3-BF4B-00C04F79EFBC}") = "Products.Migrations", "Products.Migrations\Products.Migrations.csproj", "{EF24677C-977F-40E9-92FD-B39648EE41A4}"
EndProject
Project("{FAE04EC0-301F-11D3-BF4B-00C04F79EFBC}") = "Products.NHibernate", "Products.NHibernate\Products.NHibernate.csproj", "{2BA0522C-5E2D-44AC-870C-3B0156204DDB}"
EndProject
Global
	GlobalSection(SolutionConfigurationPlatforms) = preSolution
		Debug|Any CPU = Debug|Any CPU
		Release|Any CPU = Release|Any CPU
	EndGlobalSection
	GlobalSection(ProjectConfigurationPlatforms) = postSolution
		{CD12BA1B-BA28-4A71-AFC2-03A5E4B0A02E}.Debug|Any CPU.ActiveCfg = Debug|Any CPU
		{CD12BA1B-BA28-4A71-AFC2-03A5E4B0A02E}.Debug|Any CPU.Build.0 = Debug|Any CPU
		{CD12BA1B-BA28-4A71-AFC2-03A5E4B0A02E}.Release|Any CPU.ActiveCfg = Release|Any CPU
		{CD12BA1B-BA28-4A71-AFC2-03A5E4B0A02E}.Release|Any CPU.Build.0 = Release|Any CPU
		{EF24677C-977F-40E9-92FD-B39648EE41A4}.Debug|Any CPU.ActiveCfg = Debug|Any CPU
		{EF24677C-977F-40E9-92FD-B39648EE41A4}.Debug|Any CPU.Build.0 = Debug|Any CPU
		{EF24677C-977F-40E9-92FD-B39648EE41A4}.Release|Any CPU.ActiveCfg = Release|Any CPU
		{EF24677C-977F-40E9-92FD-B39648EE41A4}.Release|Any CPU.Build.0 = Release|Any CPU
		{2BA0522C-5E2D-44AC-870C-3B0156204DDB}.Debug|Any CPU.ActiveCfg = Debug|Any CPU
		{2BA0522C-5E2D-44AC-870C-3B0156204DDB}.Debug|Any CPU.Build.0 = Debug|Any CPU
		{2BA0522C-5E2D-44AC-870C-3B0156204DDB}.Release|Any CPU.ActiveCfg = Release|Any CPU
		{2BA0522C-5E2D-44AC-870C-3B0156204DDB}.Release|Any CPU.Build.0 = Release|Any CPU
	EndGlobalSection
	GlobalSection(SolutionProperties) = preSolution
		HideSolutionNode = FALSE
	EndGlobalSection
EndGlobal
